
Microsoft Visual Studio Solution File, Format Version 12.00
# Visual Studio 15
VisualStudioVersion = 15.0.28307.106
MinimumVisualStudioVersion = 10.0.40219.1
Project("{8BC9CEB8-8B4A-11D0-8D11-00A0C91BC942}") = "maze_0104", "maze_0104\maze_0104.vcxproj", "{CBB63848-248D-42D5-ADAC-3777843B1642}"
EndProject
Global
	GlobalSection(SolutionConfigurationPlatforms) = preSolution
		Debug|x64 = Debug|x64
		Debug|x86 = Debug|x86
		Release|x64 = Release|x64
		Release|x86 = Release|x86
	EndGlobalSection
	GlobalSection(ProjectConfigurationPlatforms) = postSolution
		{CBB63848-248D-42D5-ADAC-3777843B1642}.Debug|x64.ActiveCfg = Debug|x64
		{CBB63848-248D-42D5-ADAC-3777843B1642}.Debug|x64.Build.0 = Debug|x64
		{CBB63848-248D-42D5-ADAC-3777843B1642}.Debug|x86.ActiveCfg = Debug|Win32
		{CBB63848-248D-42D5-ADAC-3777843B1642}.Debug|x86.Build.0 = Debug|Win32
		{CBB63848-248D-42D5-ADAC-3777843B1642}.Release|x64.ActiveCfg = Release|x64
		{CBB63848-248D-42D5-ADAC-3777843B1642}.Release|x64.Build.0 = Release|x64
		{CBB63848-248D-42D5-ADAC-3777843B1642}.Release|x86.ActiveCfg = Release|Win32
		{CBB63848-248D-42D5-ADAC-3777843B1642}.Release|x86.Build.0 = Release|Win32
	EndGlobalSection
	GlobalSection(SolutionProperties) = preSolution
		HideSolutionNode = FALSE
	EndGlobalSection
	GlobalSection(ExtensibilityGlobals) = postSolution
		SolutionGuid = {E8921532-0D21-43E8-BE44-9B37F2DFC9D3}
	EndGlobalSection
EndGlobal
